<?xml version="1.0" encoding="utf-8"?>
<Project ToolsVersion="4.0" xmlns="http://schemas.microsoft.com/developer/msbuild/2003">
  <ItemGroup>
    <Filter Include="Source Files">
      <UniqueIdentifier>{4FC737F1-C7A5-4376-A066-2A32D752A2FF}</UniqueIdentifier>
      <Extensions>cpp;c;cc;cxx;def;odl;idl;hpj;bat;asm;asmx</Extensions>
    </Filter>
    <Filter Include="Header Files">
      <UniqueIdentifier>{93995380-89BD-4b04-88EB-625FBE52EBFB}</UniqueIdentifier>
      <Extensions>h;hpp;hxx;hm;inl;inc;xsd</Extensions>
    </Filter>
    <Filter Include="Shader Files">
      <UniqueIdentifier>{67DA6AB6-F800-4c08-8B7A-83BB121AAD01}</UniqueIdentifier>
      <Extensions>rc;ico;cur;bmp;dlg;rc2;rct;bin;rgs;gif;jpg;jpeg;jpe;resx;tiff;tif;png;wav;mfcribbon-ms</Extensions>
    </Filter>
    <Filter Include="Header Files\SceneGraph">
      <UniqueIdentifier>{c6b546cf-d2a6-4ddf-a396-12a3ad09fa33}</UniqueIdentifier>
    </Filter>
    <Filter Include="Source Files\SceneGraph">
      <UniqueIdentifier>{8e01536e-e866-430d-a97d-d78d18fa68de}</UniqueIdentifier>
    </Filter>
    <Filter Include="Header Files\Geometry">
      <UniqueIdentifier>{d72ee8ff-b8c0-4b8e-b144-418235231649}</UniqueIdentifier>
    </Filter>
    <Filter Include="Source Files\Geometry">
      <UniqueIdentifier>{a7e64fd3-5dee-469e-b20b-2da8e72e5b09}</UniqueIdentifier>
    </Filter>
  </ItemGroup>
  <ItemGroup>
    <ClCompile Include="cameraclass.cpp">
      <Filter>Source Files</Filter>
    </ClCompile>
    <ClCompile Include="d3dclass.cpp">
      <Filter>Source Files</Filter>
    </ClCompile>
    <ClCompile Include="graphicsclass.cpp">
      <Filter>Source Files</Filter>
    </ClCompile>
    <ClCompile Include="inputclass.cpp">
      <Filter>Source Files</Filter>
    </ClCompile>
    <ClCompile Include="lightclass.cpp">
      <Filter>Source Files</Filter>
    </ClCompile>
    <ClCompile Include="lightshaderclass.cpp">
      <Filter>Source Files</Filter>
    </ClCompile>
    <ClCompile Include="main.cpp">
      <Filter>Source Files</Filter>
    </ClCompile>
    <ClCompile Include="modelclass.cpp">
      <Filter>Source Files</Filter>
    </ClCompile>
    <ClCompile Include="systemclass.cpp">
      <Filter>Source Files</Filter>
    </ClCompile>
    <ClCompile Include="BaseMesh.cpp">
      <Filter>Source Files\Geometry</Filter>
    </ClCompile>
    <ClCompile Include="textureclass.cpp">
      <Filter>Source Files</Filter>
    </ClCompile>
    <ClCompile Include="soundclass.cpp">
      <Filter>Source Files</Filter>
    </ClCompile>
    <ClCompile Include="bumpmapshaderclass.cpp">
      <Filter>Source Files</Filter>
    </ClCompile>
    <ClCompile Include="TextureArray.cpp">
      <Filter>Source Files</Filter>
    </ClCompile>
    <ClCompile Include="FireShaderClass.cpp">
      <Filter>Source Files</Filter>
    </ClCompile>
    <ClCompile Include="fontshaderclass.cpp">
      <Filter>Source Files</Filter>
    </ClCompile>
    <ClCompile Include="fontclass.cpp">
      <Filter>Source Files</Filter>
    </ClCompile>
    <ClCompile Include="textclass.cpp">
      <Filter>Source Files</Filter>
    </ClCompile>
    <ClCompile Include="cpuclass.cpp">
      <Filter>Source Files</Filter>
    </ClCompile>
    <ClCompile Include="fpsclass.cpp">
      <Filter>Source Files</Filter>
    </ClCompile>
    <ClCompile Include="timerclass.cpp">
      <Filter>Source Files</Filter>
    </ClCompile>
    <ClCompile Include="ParticleSystemClass.cpp">
      <Filter>Source Files</Filter>
    </ClCompile>
    <ClCompile Include="ParticleShaderClass.cpp">
      <Filter>Source Files</Filter>
    </ClCompile>
  </ItemGroup>
  <ItemGroup>
    <ClInclude Include="cameraclass.h">
      <Filter>Header Files</Filter>
    </ClInclude>
    <ClInclude Include="d3dclass.h">
      <Filter>Header Files</Filter>
    </ClInclude>
    <ClInclude Include="graphicsclass.h">
      <Filter>Header Files</Filter>
    </ClInclude>
    <ClInclude Include="inputclass.h">
      <Filter>Header Files</Filter>
    </ClInclude>
    <ClInclude Include="lightclass.h">
      <Filter>Header Files</Filter>
    </ClInclude>
    <ClInclude Include="lightshaderclass.h">
      <Filter>Header Files</Filter>
    </ClInclude>
    <ClInclude Include="modelclass.h">
      <Filter>Header Files</Filter>
    </ClInclude>
    <ClInclude Include="systemclass.h">
      <Filter>Header Files</Filter>
    </ClInclude>
    <ClInclude Include="BaseMesh.h">
      <Filter>Header Files\Geometry</Filter>
    </ClInclude>
    <ClInclude Include="textureclass.h">
      <Filter>Header Files</Filter>
    </ClInclude>
    <ClInclude Include="soundclass.h">
      <Filter>Header Files</Filter>
    </ClInclude>
    <ClInclude Include="bumpmapshaderclass.h">
      <Filter>Header Files</Filter>
    </ClInclude>
    <ClInclude Include="TextureArray.h">
      <Filter>Header Files</Filter>
    </ClInclude>
    <ClInclude Include="FireShaderClass.h">
      <Filter>Header Files</Filter>
    </ClInclude>
    <ClInclude Include="fontclass.h">
      <Filter>Header Files</Filter>
    </ClInclude>
    <ClInclude Include="fontshaderclass.h">
      <Filter>Header Files</Filter>
    </ClInclude>
    <ClInclude Include="textclass.h">
      <Filter>Header Files</Filter>
    </ClInclude>
    <ClInclude Include="cpuclass.h">
      <Filter>Header Files</Filter>
    </ClInclude>
    <ClInclude Include="fpsclass.h">
      <Filter>Header Files</Filter>
    </ClInclude>
    <ClInclude Include="timerclass.h">
      <Filter>Header Files</Filter>
    </ClInclude>
    <ClInclude Include="ParticleSystemClass.h">
      <Filter>Header Files</Filter>
    </ClInclude>
    <ClInclude Include="ParticleShaderClass.h">
      <Filter>Header Files</Filter>
    </ClInclude>
    <ClInclude Include="KeyInput.h">
      <Filter>Header Files</Filter>
    </ClInclude>
  </ItemGroup>
  <ItemGroup>
    <None Include="light.ps">
      <Filter>Shader Files</Filter>
    </None>
    <None Include="light.vs">
      <Filter>Shader Files</Filter>
    </None>
    <None Include="bump.ps">
      <Filter>Shader Files</Filter>
    </None>
    <None Include="bump.vs">
      <Filter>Shader Files</Filter>
    </None>
    <None Include="fire.vs">
      <Filter>Shader Files</Filter>
    </None>
    <None Include="fire.ps">
      <Filter>Shader Files</Filter>
    </None>
    <None Include="font.ps">
      <Filter>Shader Files</Filter>
    </None>
    <None Include="font.vs">
      <Filter>Shader Files</Filter>
    </None>
    <None Include="particle.ps">
      <Filter>Shader Files</Filter>
    </None>
    <None Include="particle.vs">
      <Filter>Shader Files</Filter>
    </None>
  </ItemGroup>
</Project>